
Microsoft Visual Studio Solution File, Format Version 12.00
# Visual Studio Version 16
VisualStudioVersion = 16.0.29102.190
MinimumVisualStudioVersion = 10.0.40219.1
Project("{FAE04EC0-301F-11D3-BF4B-00C04F79EFBC}") = "CSI180NomBot", "CSI180NomBot.csproj", "{2CDBA712-19B8-423A-A271-3BD9D3338483}"
EndProject
Global
	GlobalSection(SolutionConfigurationPlatforms) = preSolution
		Debug|Any CPU = Debug|Any CPU
		Release|Any CPU = Release|Any CPU
	EndGlobalSection
	GlobalSection(ProjectConfigurationPlatforms) = postSolution
		{2CDBA712-19B8-423A-A271-3BD9D3338483}.Debug|Any CPU.ActiveCfg = Debug|Any CPU
		{2CDBA712-19B8-423A-A271-3BD9D3338483}.Debug|Any CPU.Build.0 = Debug|Any CPU
		{2CDBA712-19B8-423A-A271-3BD9D3338483}.Release|Any CPU.ActiveCfg = Release|Any CPU
		{2CDBA712-19B8-423A-A271-3BD9D3338483}.Release|Any CPU.Build.0 = Release|Any CPU
	EndGlobalSection
	GlobalSection(SolutionProperties) = preSolution
		HideSolutionNode = FALSE
	EndGlobalSection
	GlobalSection(ExtensibilityGlobals) = postSolution
		SolutionGuid = {94CE8F2F-D51E-47A3-89E9-7E2BE6A4E643}
	EndGlobalSection
EndGlobal
